
Microsoft Visual Studio Solution File, Format Version 12.00
# Visual Studio Version 16
VisualStudioVersion = 16.0.29911.84
MinimumVisualStudioVersion = 10.0.40219.1
Project("{FAE04EC0-301F-11D3-BF4B-00C04F79EFBC}") = "ClassApiDemo", "ClassApiDemo\ClassApiDemo.csproj", "{F85DBE59-151C-4C31-88D7-D8F3CAB51A51}"
EndProject
Project("{FAE04EC0-301F-11D3-BF4B-00C04F79EFBC}") = "ClassApiDemo.DAL", "ClassApiDemo.DAL\ClassApiDemo.DAL.csproj", "{6FE9655F-F884-4F49-8E67-5B7D925A12DE}"
EndProject
Global
	GlobalSection(SolutionConfigurationPlatforms) = preSolution
		Debug|Any CPU = Debug|Any CPU
		Release|Any CPU = Release|Any CPU
	EndGlobalSection
	GlobalSection(ProjectConfigurationPlatforms) = postSolution
		{F85DBE59-151C-4C31-88D7-D8F3CAB51A51}.Debug|Any CPU.ActiveCfg = Debug|Any CPU
		{F85DBE59-151C-4C31-88D7-D8F3CAB51A51}.Debug|Any CPU.Build.0 = Debug|Any CPU
		{F85DBE59-151C-4C31-88D7-D8F3CAB51A51}.Release|Any CPU.ActiveCfg = Release|Any CPU
		{F85DBE59-151C-4C31-88D7-D8F3CAB51A51}.Release|Any CPU.Build.0 = Release|Any CPU
		{6FE9655F-F884-4F49-8E67-5B7D925A12DE}.Debug|Any CPU.ActiveCfg = Debug|Any CPU
		{6FE9655F-F884-4F49-8E67-5B7D925A12DE}.Debug|Any CPU.Build.0 = Debug|Any CPU
		{6FE9655F-F884-4F49-8E67-5B7D925A12DE}.Release|Any CPU.ActiveCfg = Release|Any CPU
		{6FE9655F-F884-4F49-8E67-5B7D925A12DE}.Release|Any CPU.Build.0 = Release|Any CPU
	EndGlobalSection
	GlobalSection(SolutionProperties) = preSolution
		HideSolutionNode = FALSE
	EndGlobalSection
	GlobalSection(ExtensibilityGlobals) = postSolution
		SolutionGuid = {8BDF7E26-7721-49DC-A376-7DC2826F1D86}
	EndGlobalSection
EndGlobal
